{
  "version": "3",
  "redirects": {
    "https://deno.land/x/redis/mod.ts": "https://deno.land/x/redis@v0.32.0/mod.ts"
  },
  "remote": {
    "https://deno.land/std@0.100.0/encoding/hex.ts": "f952e0727bddb3b2fd2e6889d104eacbd62e92091f540ebd6459317a61932d9b",
    "https://deno.land/std@0.145.0/fmt/colors.ts": "6f9340b7fb8cc25a993a99e5efc56fe81bb5af284ff412129dd06df06f53c0b4",
    "https://deno.land/std@0.145.0/testing/_diff.ts": "029a00560b0d534bc0046f1bce4bd36b3b41ada3f2a3178c85686eb2ff5f1413",
    "https://deno.land/std@0.145.0/testing/_format.ts": "0d8dc79eab15b67cdc532826213bbe05bccfd276ca473a50a3fc7bbfb7260642",
    "https://deno.land/std@0.145.0/testing/asserts.ts": "319df43e1e6bba2520508f6090a21a9a640cbe2754d255aee17cd1dfa78c2ff6",
    "https://deno.land/std@0.148.0/bytes/equals.ts": "3c3558c3ae85526f84510aa2b48ab2ad7bdd899e2e0f5b7a8ffc85acb3a6043a",
    "https://deno.land/std@0.148.0/bytes/mod.ts": "763f97d33051cc3f28af1a688dfe2830841192a9fea0cbaa55f927b49d49d0bf",
    "https://deno.land/std@0.153.0/hash/sha256.ts": "aa9479c260f41b72c639f36c3e4bc9319940b5d2e52fe793ebe3dc646d12832f",
    "https://deno.land/std@0.189.0/_util/asserts.ts": "178dfc49a464aee693a7e285567b3d0b555dc805ff490505a8aae34f9cfb1462",
    "https://deno.land/std@0.189.0/async/deferred.ts": "42790112f36a75a57db4a96d33974a936deb7b04d25c6084a9fa8a49f135def8",
    "https://deno.land/std@0.189.0/async/delay.ts": "73aa04cec034c84fc748c7be49bb15cac3dd43a57174bfdb7a4aec22c248f0dd",
    "https://deno.land/std@0.189.0/bytes/copy.ts": "939d89e302a9761dcf1d9c937c7711174ed74c59eef40a1e4569a05c9de88219",
    "https://deno.land/std@0.189.0/io/buf_reader.ts": "06fff3337091c49e99ebd2dd790c9a90364c087a2953ea081667400fd6c6cebb",
    "https://deno.land/std@0.189.0/io/buf_writer.ts": "48c33c8f00b61dcbc7958706741cec8e59810bd307bc6a326cbd474fe8346dfd",
    "https://deno.land/std@0.189.0/types.d.ts": "dbaeb2c4d7c526db9828fc8df89d8aecf53b9ced72e0c4568f97ddd8cda616a4",
    "https://deno.land/std@0.194.0/_util/asserts.ts": "178dfc49a464aee693a7e285567b3d0b555dc805ff490505a8aae34f9cfb1462",
    "https://deno.land/std@0.194.0/async/deferred.ts": "42790112f36a75a57db4a96d33974a936deb7b04d25c6084a9fa8a49f135def8",
    "https://deno.land/std@0.194.0/async/delay.ts": "73aa04cec034c84fc748c7be49bb15cac3dd43a57174bfdb7a4aec22c248f0dd",
    "https://deno.land/std@0.194.0/bytes/copy.ts": "939d89e302a9761dcf1d9c937c7711174ed74c59eef40a1e4569a05c9de88219",
    "https://deno.land/std@0.194.0/fmt/colors.ts": "d67e3cd9f472535241a8e410d33423980bec45047e343577554d3356e1f0ef4e",
    "https://deno.land/std@0.194.0/io/buf_reader.ts": "06fff3337091c49e99ebd2dd790c9a90364c087a2953ea081667400fd6c6cebb",
    "https://deno.land/std@0.194.0/io/buf_writer.ts": "48c33c8f00b61dcbc7958706741cec8e59810bd307bc6a326cbd474fe8346dfd",
    "https://deno.land/std@0.194.0/testing/_diff.ts": "1a3c044aedf77647d6cac86b798c6417603361b66b54c53331b312caeb447aea",
    "https://deno.land/std@0.194.0/testing/_format.ts": "a69126e8a469009adf4cf2a50af889aca364c349797e63174884a52ff75cf4c7",
    "https://deno.land/std@0.194.0/testing/_test_suite.ts": "30f018feeb3835f12ab198d8a518f9089b1bcb2e8c838a8b615ab10d5005465c",
    "https://deno.land/std@0.194.0/testing/asserts.ts": "056d571baaefc7f13af3e29ad6a66d4dbe5355d3cb2ae130e7d2a1b1e01085e3",
    "https://deno.land/std@0.194.0/testing/bdd.ts": "0c760348442712ca3ae6102dbb3aa76b49a95ee08fee86c8a0932de53a00e308",
    "https://deno.land/std@0.194.0/types.d.ts": "dbaeb2c4d7c526db9828fc8df89d8aecf53b9ced72e0c4568f97ddd8cda616a4",
    "https://deno.land/std@0.203.0/assert/assert.ts": "9a97dad6d98c238938e7540736b826440ad8c1c1e54430ca4c4e623e585607ee",
    "https://deno.land/std@0.203.0/assert/assertion_error.ts": "4d0bde9b374dfbcbe8ac23f54f567b77024fb67dbb1906a852d67fe050d42f56",
    "https://deno.land/std@0.203.0/async/deferred.ts": "42790112f36a75a57db4a96d33974a936deb7b04d25c6084a9fa8a49f135def8",
    "https://deno.land/std@0.203.0/async/delay.ts": "a6142eb44cdd856b645086af2b811b1fcce08ec06bb7d50969e6a872ee9b8659",
    "https://deno.land/std@0.203.0/bytes/concat.ts": "d26d6f3d7922e6d663dacfcd357563b7bf4a380ce5b9c2bbe0c8586662f25ce2",
    "https://deno.land/std@0.203.0/bytes/copy.ts": "939d89e302a9761dcf1d9c937c7711174ed74c59eef40a1e4569a05c9de88219",
    "https://deno.land/std@0.203.0/io/buf_reader.ts": "f7a43953b05eecbaea56ebcb654035bc91e117d6986a0b2d346c1d0de1d4dac4",
    "https://deno.land/std@0.203.0/io/buf_writer.ts": "c49d1a3114ad936690847abd0dd2e321e96188546d6e8ae9d22b292b8b59f9f8",
    "https://deno.land/std@0.211.0/assert/_constants.ts": "a271e8ef5a573f1df8e822a6eb9d09df064ad66a4390f21b3e31f820a38e0975",
    "https://deno.land/std@0.211.0/assert/_diff.ts": "6a2d68f2c42d73a1e31818a4195f40598d672c7f02ac75c7f1b1e6789852c2bc",
    "https://deno.land/std@0.211.0/assert/_format.ts": "0ba808961bf678437fb486b56405b6fefad2cf87b5809667c781ddee8c32aff4",
    "https://deno.land/std@0.211.0/assert/assert.ts": "bec068b2fccdd434c138a555b19a2c2393b71dfaada02b7d568a01541e67cdc5",
    "https://deno.land/std@0.211.0/assert/assert_almost_equals.ts": "648ea72678296a5ad86d3bbb66904335fa97de3133223f44ca4596b225cdcbef",
    "https://deno.land/std@0.211.0/assert/assert_array_includes.ts": "dbb461c20681807a884ad84d873f9e4daead380859531b1e7f27fa4e8f8bf431",
    "https://deno.land/std@0.211.0/assert/assert_equals.ts": "b3b33ae8a85ae22a0754c61a7486d4ae870e8938830a94f5cacecba3a9b0442a",
    "https://deno.land/std@0.211.0/assert/assert_exists.ts": "24a7bf965e634f909242cd09fbaf38bde6b791128ece08e33ab08586a7cc55c9",
    "https://deno.land/std@0.211.0/assert/assert_false.ts": "6f382568e5128c0f855e5f7dbda8624c1ed9af4fcc33ef4a9afeeedcdce99769",
    "https://deno.land/std@0.211.0/assert/assert_greater.ts": "8dfcf082d2bcffcaab3bd0dab48d41e41c26266529567246de47bd6864936f6d",
    "https://deno.land/std@0.211.0/assert/assert_greater_or_equal.ts": "9e02ef89f32563f539f7e66556930033418728847aefcca4e3806a735b5f122e",
    "https://deno.land/std@0.211.0/assert/assert_instance_of.ts": "72dc1faff1e248692d873c89382fa1579dd7b53b56d52f37f9874a75b11ba444",
    "https://deno.land/std@0.211.0/assert/assert_is_error.ts": "6596f2b5ba89ba2fe9b074f75e9318cda97a2381e59d476812e30077fbdb6ed2",
    "https://deno.land/std@0.211.0/assert/assert_less.ts": "91a6fed705f9c39bbd683b62aa9dfc42547bc886c29f696997e681cafb886b16",
    "https://deno.land/std@0.211.0/assert/assert_less_or_equal.ts": "7a3c2e554eb20aa6af9dd4a410e550bcee9e8a28102d51f5f40cb1b8d141e4e1",
    "https://deno.land/std@0.211.0/assert/assert_match.ts": "ec2d9680ed3e7b9746ec57ec923a17eef6d476202f339ad91d22277d7f1d16e1",
    "https://deno.land/std@0.211.0/assert/assert_not_equals.ts": "cb78bf9a4357d69673c87b634491bc6b840412c8b55efe472af9877ef6f0a29b",
    "https://deno.land/std@0.211.0/assert/assert_not_instance_of.ts": "8f720d92d83775c40b2542a8d76c60c2d4aeddaf8713c8d11df8984af2604931",
    "https://deno.land/std@0.211.0/assert/assert_not_match.ts": "b4b7c77f146963e2b673c1ce4846473703409eb93f5ab0eb60f6e6f8aeffe39f",
    "https://deno.land/std@0.211.0/assert/assert_not_strict_equals.ts": "89ba25e1da5233404ac4c01651c088759b7977c51034eefc6050fe3fc2d10c46",
    "https://deno.land/std@0.211.0/assert/assert_object_match.ts": "e85e5eef62a56ce364c3afdd27978ccab979288a3e772e6855c270a7b118fa49",
    "https://deno.land/std@0.211.0/assert/assert_rejects.ts": "e9e0c8d9c3e164c7ac962c37b3be50577c5a2010db107ed272c4c1afb1269f54",
    "https://deno.land/std@0.211.0/assert/assert_strict_equals.ts": "0425a98f70badccb151644c902384c12771a93e65f8ff610244b8147b03a2366",
    "https://deno.land/std@0.211.0/assert/assert_string_includes.ts": "dfb072a890167146f8e5bdd6fde887ce4657098e9f71f12716ef37f35fb6f4a7",
    "https://deno.land/std@0.211.0/assert/assert_throws.ts": "edddd86b39606c342164b49ad88dd39a26e72a26655e07545d172f164b617fa7",
    "https://deno.land/std@0.211.0/assert/assertion_error.ts": "9f689a101ee586c4ce92f52fa7ddd362e86434ffdf1f848e45987dc7689976b8",
    "https://deno.land/std@0.211.0/assert/equal.ts": "fae5e8a52a11d3ac694bbe1a53e13a7969e3f60791262312e91a3e741ae519e2",
    "https://deno.land/std@0.211.0/assert/fail.ts": "f310e51992bac8e54f5fd8e44d098638434b2edb802383690e0d7a9be1979f1c",
    "https://deno.land/std@0.211.0/assert/mod.ts": "325df8c0683ad83a873b9691aa66b812d6275fc9fec0b2d180ac68a2c5efed3b",
    "https://deno.land/std@0.211.0/assert/unimplemented.ts": "47ca67d1c6dc53abd0bd729b71a31e0825fc452dbcd4fde4ca06789d5644e7fd",
    "https://deno.land/std@0.211.0/assert/unreachable.ts": "38cfecb95d8b06906022d2f9474794fca4161a994f83354fd079cac9032b5145",
    "https://deno.land/std@0.211.0/fmt/colors.ts": "be082d6a6bbb2980ae7b2bf8c23c6bb2811ba90a06a9bcb861344a71784c5a99",
    "https://deno.land/std@0.211.0/testing/_test_suite.ts": "f10a8a6338b60c403f07a76f3f46bdc9f1e1a820c0a1decddeb2949f7a8a0546",
    "https://deno.land/std@0.211.0/testing/bdd.ts": "3cbd17bd35f629a76ce63446238dfb4632240dd46b3b205027c45fa3dd67e554",
    "https://deno.land/x/BigNumber@1.0.0/mod.ts": "78b4ca7df3083006910475c4dda11ddea239974cd8436605debdaf3a42d84945",
    "https://deno.land/x/BigNumber@1.0.0/util.ts": "2442c167bd53a815f14471659e3e7bb6ffda8b865b49eabe66dd93c412193763",
    "https://deno.land/x/ed25519@2.0.0/index.ts": "21e29f85855afd2d2465305c4a9cdb1959af92df7dc455b6c611c52b86df5d25",
    "https://deno.land/x/ed25519@2.0.0/mod.ts": "199fc590c02f490a675a44dd0a80f38bf02f8e4b6f0e261293ff9e4b3e77d45c",
    "https://deno.land/x/lucid@0.10.6/mod.ts": "9473507398048cb24dbb37b3a220777106c69c28d573898648deb2bb84a7e131",
    "https://deno.land/x/lucid@0.10.6/package.json": "739a8bc3ba0d4f2cc6ff39b27899802f9157f4358a0c9ccb5d2da026549576ee",
    "https://deno.land/x/lucid@0.10.6/src/core/core.ts": "5b2f6d4746933a425bfcb134a55b84c946bc2ddd98b795aa9189f345778b113c",
    "https://deno.land/x/lucid@0.10.6/src/core/libs/cardano_message_signing/cardano_message_signing.generated.js": "d0cb6184a62328e4448c4b5b3cb8f928d483d88fd590ce94e3b4bbc688642634",
    "https://deno.land/x/lucid@0.10.6/src/core/libs/cardano_multiplatform_lib/cardano_multiplatform_lib.generated.js": "ccb6cebbff590c4a40540484c630d162a1806b506183a0240723bf51d3bc205a",
    "https://deno.land/x/lucid@0.10.6/src/core/mod.ts": "978b94101791fdad3113e5a9fa3813b1f48a8e505f68da14bcad72668b294926",
    "https://deno.land/x/lucid@0.10.6/src/lucid/lucid.ts": "80f06b1965074a6c3504d509df676f2508d49cc0a8050dee1b1f8ea804fb565a",
    "https://deno.land/x/lucid@0.10.6/src/lucid/message.ts": "b16bb7c06cbc81c777ac116d95db32959af42bc093ebe86b65f2dbc28b75f9b2",
    "https://deno.land/x/lucid@0.10.6/src/lucid/mod.ts": "94bfe48ee683e932a67347786a1253a2e7277e53b1dc192d045d70bc5ce9bc10",
    "https://deno.land/x/lucid@0.10.6/src/lucid/tx.ts": "4da65b89368b057e5582c35a15535114fdabea2d837a4287da21db0e47364cf1",
    "https://deno.land/x/lucid@0.10.6/src/lucid/tx_complete.ts": "a687e19df52072fe239af33081cfddf2fba40011324ff86f3352042940a65362",
    "https://deno.land/x/lucid@0.10.6/src/lucid/tx_signed.ts": "58edce3295e5fa14977120d887b43796ebd40893caaf012d441a8b56909c8ae1",
    "https://deno.land/x/lucid@0.10.6/src/misc/bip39.ts": "7dc0f49f96d43a254a048a956cac31ef8c8045f69f3b8dbc5350bc6c601441eb",
    "https://deno.land/x/lucid@0.10.6/src/misc/crc8.ts": "c9abda52851d5c575f6a8714c3600d2e63bb8cfc942e035486b1ab03b780e2f9",
    "https://deno.land/x/lucid@0.10.6/src/misc/sign_data.ts": "6f5066d19455ade77615b5cbbf5dd9947ea691a7b764f96c81ba911cc84183e5",
    "https://deno.land/x/lucid@0.10.6/src/misc/wallet.ts": "7a8d63c234f0741dc49d3134554b7c455e24f4692ba42a3843aad7e37bcc7d2b",
    "https://deno.land/x/lucid@0.10.6/src/mod.ts": "f4156883dc0dc394e9fd9e9e7222537a61ff8b2781a88761d7bcb65123a16bcf",
    "https://deno.land/x/lucid@0.10.6/src/plutus/data.ts": "b6eb205124e6f340f47dd789d94d91146b2bf038c6a76b57ede12874b60d5920",
    "https://deno.land/x/lucid@0.10.6/src/plutus/mod.ts": "3a7f784e950348d447cd6bcb27546b20902fae167e04fd42e67bfad57216e1a7",
    "https://deno.land/x/lucid@0.10.6/src/plutus/time.ts": "f142f03f897a6e57625e8c0752bb73397818090871f3cff123ec64311590b6f9",
    "https://deno.land/x/lucid@0.10.6/src/provider/blockfrost.ts": "7cd49ed72464f3faf3c4bc93b54a1c30dbe0f34035b3c5e844adfdeb3ca74e32",
    "https://deno.land/x/lucid@0.10.6/src/provider/emulator.ts": "066892a5dfbe27bde86d449650913da18da8025bd618c7cfed0a6fc16e07bb29",
    "https://deno.land/x/lucid@0.10.6/src/provider/kupmios.ts": "e15178e252d5a87b6c6123e51c3dc426ec7ebe02bac920dea26213f62eabcbd0",
    "https://deno.land/x/lucid@0.10.6/src/provider/maestro.ts": "39ea924ebb888786de8385171b4ea9442a149e0c541a3f3517f685c98fc5874a",
    "https://deno.land/x/lucid@0.10.6/src/provider/mod.ts": "76b36094551556045e851fe0ba6012626e1a08c03dec62a21b69d22311266379",
    "https://deno.land/x/lucid@0.10.6/src/types/global.ts": "3ea23ebcf9af819a01cbcf682856df2b178929ffec362113d24eb4a80a966ac3",
    "https://deno.land/x/lucid@0.10.6/src/types/mod.ts": "2e6e4ffd7077025d1b45af726756455fc9c915666dd7f23a041be058039b49c6",
    "https://deno.land/x/lucid@0.10.6/src/types/types.ts": "ce4c62d4804a76f1107d44be5f1875dc4910661e8daacd92fafab9aa125d4bf9",
    "https://deno.land/x/lucid@0.10.6/src/utils/cost_model.ts": "f04e4d393062b0057f703e37ddcb1aa9fe378b589134c679688f9786235a25ee",
    "https://deno.land/x/lucid@0.10.6/src/utils/merkle_tree.ts": "af39a9167eb8b083a19a980916c95ab40332e959ef20bc43fdfef69eef08e594",
    "https://deno.land/x/lucid@0.10.6/src/utils/mod.ts": "7e405bfa0db96d9e995e67fb77251e8465843addf141caf4ce64b3efa6077822",
    "https://deno.land/x/lucid@0.10.6/src/utils/utils.ts": "9cd004e29e319750a3b522e4b2dfcc0bdfdbf3c346a1f17e0a640e79f3141ad9",
    "https://deno.land/x/lucid@0.10.7/mod.ts": "9473507398048cb24dbb37b3a220777106c69c28d573898648deb2bb84a7e131",
    "https://deno.land/x/lucid@0.10.7/package.json": "402ef25f1bcbf29c57b24f4737637db8470dc9197e80478455ec132a7a08a0cc",
    "https://deno.land/x/lucid@0.10.7/src/core/core.ts": "5b2f6d4746933a425bfcb134a55b84c946bc2ddd98b795aa9189f345778b113c",
    "https://deno.land/x/lucid@0.10.7/src/core/libs/cardano_message_signing/cardano_message_signing.generated.js": "b3cae6f286d855a1cf9c84987026bfa46f577e9edd6b269127e88c0f41d68bfa",
    "https://deno.land/x/lucid@0.10.7/src/core/libs/cardano_multiplatform_lib/cardano_multiplatform_lib.generated.js": "286312109897e46032173ab3a0a233212ea0741051bcba936914ac7af8f22227",
    "https://deno.land/x/lucid@0.10.7/src/core/mod.ts": "978b94101791fdad3113e5a9fa3813b1f48a8e505f68da14bcad72668b294926",
    "https://deno.land/x/lucid@0.10.7/src/lucid/lucid.ts": "80f06b1965074a6c3504d509df676f2508d49cc0a8050dee1b1f8ea804fb565a",
    "https://deno.land/x/lucid@0.10.7/src/lucid/message.ts": "b16bb7c06cbc81c777ac116d95db32959af42bc093ebe86b65f2dbc28b75f9b2",
    "https://deno.land/x/lucid@0.10.7/src/lucid/mod.ts": "94bfe48ee683e932a67347786a1253a2e7277e53b1dc192d045d70bc5ce9bc10",
    "https://deno.land/x/lucid@0.10.7/src/lucid/tx.ts": "5833f0cb10bcd83439e7caff03c20296b8e646ce1d3797e9db56f3fdcfe33e19",
    "https://deno.land/x/lucid@0.10.7/src/lucid/tx_complete.ts": "a687e19df52072fe239af33081cfddf2fba40011324ff86f3352042940a65362",
    "https://deno.land/x/lucid@0.10.7/src/lucid/tx_signed.ts": "58edce3295e5fa14977120d887b43796ebd40893caaf012d441a8b56909c8ae1",
    "https://deno.land/x/lucid@0.10.7/src/misc/bip39.ts": "7dc0f49f96d43a254a048a956cac31ef8c8045f69f3b8dbc5350bc6c601441eb",
    "https://deno.land/x/lucid@0.10.7/src/misc/crc8.ts": "c9abda52851d5c575f6a8714c3600d2e63bb8cfc942e035486b1ab03b780e2f9",
    "https://deno.land/x/lucid@0.10.7/src/misc/sign_data.ts": "6f5066d19455ade77615b5cbbf5dd9947ea691a7b764f96c81ba911cc84183e5",
    "https://deno.land/x/lucid@0.10.7/src/misc/wallet.ts": "7a8d63c234f0741dc49d3134554b7c455e24f4692ba42a3843aad7e37bcc7d2b",
    "https://deno.land/x/lucid@0.10.7/src/mod.ts": "f4156883dc0dc394e9fd9e9e7222537a61ff8b2781a88761d7bcb65123a16bcf",
    "https://deno.land/x/lucid@0.10.7/src/plutus/data.ts": "b6eb205124e6f340f47dd789d94d91146b2bf038c6a76b57ede12874b60d5920",
    "https://deno.land/x/lucid@0.10.7/src/plutus/mod.ts": "3a7f784e950348d447cd6bcb27546b20902fae167e04fd42e67bfad57216e1a7",
    "https://deno.land/x/lucid@0.10.7/src/plutus/time.ts": "f142f03f897a6e57625e8c0752bb73397818090871f3cff123ec64311590b6f9",
    "https://deno.land/x/lucid@0.10.7/src/provider/blockfrost.ts": "7cd49ed72464f3faf3c4bc93b54a1c30dbe0f34035b3c5e844adfdeb3ca74e32",
    "https://deno.land/x/lucid@0.10.7/src/provider/emulator.ts": "066892a5dfbe27bde86d449650913da18da8025bd618c7cfed0a6fc16e07bb29",
    "https://deno.land/x/lucid@0.10.7/src/provider/kupmios.ts": "e15178e252d5a87b6c6123e51c3dc426ec7ebe02bac920dea26213f62eabcbd0",
    "https://deno.land/x/lucid@0.10.7/src/provider/maestro.ts": "76c379f946bdc2198ccf6898ce1b09ed5a6ddb1d858f0abe2b39e5300aa7a6c1",
    "https://deno.land/x/lucid@0.10.7/src/provider/mod.ts": "76b36094551556045e851fe0ba6012626e1a08c03dec62a21b69d22311266379",
    "https://deno.land/x/lucid@0.10.7/src/types/global.ts": "3ea23ebcf9af819a01cbcf682856df2b178929ffec362113d24eb4a80a966ac3",
    "https://deno.land/x/lucid@0.10.7/src/types/mod.ts": "2e6e4ffd7077025d1b45af726756455fc9c915666dd7f23a041be058039b49c6",
    "https://deno.land/x/lucid@0.10.7/src/types/types.ts": "b637a944c04576c42c2bb5df98aa8128cd4677e04fa0ec911e042ce96e764fa2",
    "https://deno.land/x/lucid@0.10.7/src/utils/cost_model.ts": "f04e4d393062b0057f703e37ddcb1aa9fe378b589134c679688f9786235a25ee",
    "https://deno.land/x/lucid@0.10.7/src/utils/merkle_tree.ts": "af39a9167eb8b083a19a980916c95ab40332e959ef20bc43fdfef69eef08e594",
    "https://deno.land/x/lucid@0.10.7/src/utils/mod.ts": "7e405bfa0db96d9e995e67fb77251e8465843addf141caf4ce64b3efa6077822",
    "https://deno.land/x/lucid@0.10.7/src/utils/utils.ts": "177ec0578b788f947f6afb6cc911c4eae776aaf98b5249412a750b8f366b4d11",
    "https://deno.land/x/redis@v0.30.0/backoff.ts": "33e4a6e245f8743fbae0ce583993a671a3ac2ecee433a3e7f0bd77b5dd541d84",
    "https://deno.land/x/redis@v0.30.0/command.ts": "9d1a679821c9065298fc2b8831b6532605426259b17a1f9d41ee9219180244c7",
    "https://deno.land/x/redis@v0.30.0/connection.ts": "0e8e16fb592c544df1656ec1ae1f8f996fa58be70b488149c5c7a9c2ed65a87b",
    "https://deno.land/x/redis@v0.30.0/errors.ts": "589c41fc0fbd9fbac896a2517cf461a6af211432dd4bb77e0681f5a256d46e66",
    "https://deno.land/x/redis@v0.30.0/executor.ts": "0d80c11d59d885347933b62ae260246c9d73bede1f5aaa25a0f904f4e8f398ef",
    "https://deno.land/x/redis@v0.30.0/mod.ts": "20908f005f5c102525ce6aa9261648c95c5f61c6cf782b2cbb2fce88b1220f69",
    "https://deno.land/x/redis@v0.30.0/pipeline.ts": "80cc26a881149264d51dd019f1044c4ec9012399eca9f516057dc81c9b439370",
    "https://deno.land/x/redis@v0.30.0/protocol/_util.ts": "0525f7f444a96b92cd36423abdfe221f8d8de4a018dc5cb6750a428a5fc897c2",
    "https://deno.land/x/redis@v0.30.0/protocol/command.ts": "610180ecfaad1d99b32c2a1e3fb41521e3374c4eac0314f2b6e27b2cb3d6a4d9",
    "https://deno.land/x/redis@v0.30.0/protocol/mod.ts": "f2601df31d8adc71785b5d19f6a7e43dfce94adbb6735c4dafc1fb129169d11a",
    "https://deno.land/x/redis@v0.30.0/protocol/reply.ts": "4b7432263924ca611f08af818436eafd9433eef07a835bc0338a08def5db1a30",
    "https://deno.land/x/redis@v0.30.0/protocol/types.ts": "6bf515b69712dfd4ab45caf1d0054b8fcdd6e1afb55b2bd9a221e9ecb066f658",
    "https://deno.land/x/redis@v0.30.0/pubsub.ts": "7764195d03a77aa0ee350cf7a955a16e6a023a4ce367f875c6c394e285cbfd9a",
    "https://deno.land/x/redis@v0.30.0/redis.ts": "de1a3c99ce30e71b8897aca027d3cdbc2259908f377c55b5901f5d751c393750",
    "https://deno.land/x/redis@v0.30.0/stream.ts": "baed5a4e67d7c5c5a6ed424205c3e984383c5eadf74d7e0e068f8694865595e4",
    "https://deno.land/x/redis@v0.30.0/vendor/https/deno.land/std/async/deferred.ts": "7314e4e9f0150a537d78146306b47705d7b488f30bd5226056b686d39935c50e",
    "https://deno.land/x/redis@v0.30.0/vendor/https/deno.land/std/async/delay.ts": "c05d31392937171f526db05e352a9fd0b8381b6949c85f57c03d39e801dcebc2",
    "https://deno.land/x/redis@v0.30.0/vendor/https/deno.land/std/io/buf_reader.ts": "d1ab29ba6f74572a7ae10104abdce4975580c894448cfade746914924d301915",
    "https://deno.land/x/redis@v0.30.0/vendor/https/deno.land/std/io/buf_writer.ts": "3900cb718d2cfae990e63b03d39bd35c017d3790847f5779006ce21c397ea1f5",
    "https://deno.land/x/redis@v0.31.0/backoff.ts": "33e4a6e245f8743fbae0ce583993a671a3ac2ecee433a3e7f0bd77b5dd541d84",
    "https://deno.land/x/redis@v0.31.0/command.ts": "9d1a679821c9065298fc2b8831b6532605426259b17a1f9d41ee9219180244c7",
    "https://deno.land/x/redis@v0.31.0/connection.ts": "dc22be33b61a315992a943d03948153ab7eabdbc9983719b546b72bfefdf1f90",
    "https://deno.land/x/redis@v0.31.0/errors.ts": "589c41fc0fbd9fbac896a2517cf461a6af211432dd4bb77e0681f5a256d46e66",
    "https://deno.land/x/redis@v0.31.0/executor.ts": "ffb74d4f5383ae33ca7896ca883860f3e98719c6465ab68cad43e152eed3d2bd",
    "https://deno.land/x/redis@v0.31.0/mod.ts": "77fa981b447b027da65e59679ef6c88b02d15a24fb33d6b0870d2c4e0d319807",
    "https://deno.land/x/redis@v0.31.0/pipeline.ts": "149b64138fa526467c9afa36757deb96c5df51ce1c34a9249c2ca0c76c2dc912",
    "https://deno.land/x/redis@v0.31.0/protocol/_util.ts": "0525f7f444a96b92cd36423abdfe221f8d8de4a018dc5cb6750a428a5fc897c2",
    "https://deno.land/x/redis@v0.31.0/protocol/command.ts": "46ed3727a002cfd49afefbdd3b872529e6c4c6215099511d63f0cffb88aaa969",
    "https://deno.land/x/redis@v0.31.0/protocol/mod.ts": "fd926647bf7bfc4aed967adf0010ed1cf79245d999310b82b1918a3d676dbb52",
    "https://deno.land/x/redis@v0.31.0/protocol/reply.ts": "82434aa6b0e64ec26aae3b739711ee932a255febb1ecc1fc913cf429be1ac9f1",
    "https://deno.land/x/redis@v0.31.0/protocol/types.ts": "f8b8ea762313243dd81ac146b36dabbff672c827f05f4506539846645c65da86",
    "https://deno.land/x/redis@v0.31.0/pubsub.ts": "68234e7edce9382631e2ec40a434d0ab221bea23deab8b428f19eec8bcaad669",
    "https://deno.land/x/redis@v0.31.0/redis.ts": "3747018a954c1229cf133cfbc511356b76324b87f51f4d882538c0a8d2b3fcb4",
    "https://deno.land/x/redis@v0.31.0/stream.ts": "baed5a4e67d7c5c5a6ed424205c3e984383c5eadf74d7e0e068f8694865595e4",
    "https://deno.land/x/redis@v0.31.0/vendor/https/deno.land/std/async/deferred.ts": "f62d1787bff301374d926d1bdf802a27e57f2dcd222ad8e9aea57828843f8bb0",
    "https://deno.land/x/redis@v0.31.0/vendor/https/deno.land/std/async/delay.ts": "02287836867605a1bc3c8988d581c965413fa86053c4b00a0d3b4e0e8b180c5b",
    "https://deno.land/x/redis@v0.31.0/vendor/https/deno.land/std/io/buf_reader.ts": "19c85ef56b347850fe7d8af842f4fd460024ec4baba2dcf1aa60bb3a4c740797",
    "https://deno.land/x/redis@v0.31.0/vendor/https/deno.land/std/io/buf_writer.ts": "96b76346974976c34d23d39728f1f086495c6a20856abde20876f83f20b2dc05",
    "https://deno.land/x/redis@v0.32.0/backoff.ts": "33e4a6e245f8743fbae0ce583993a671a3ac2ecee433a3e7f0bd77b5dd541d84",
    "https://deno.land/x/redis@v0.32.0/command.ts": "aa2312d4093ec7c72d61d32a71d3d13a33cc6302ca78c8f026e1994e76541e6e",
    "https://deno.land/x/redis@v0.32.0/connection.ts": "103cc02e8ad45fda7fe0e55a6a43555254f54b6366c0a2ee992b75985bac292a",
    "https://deno.land/x/redis@v0.32.0/errors.ts": "4c47b278c8a87e0f49c0f7a96c74c5bee09e4d5ea19f892923b0281707112d04",
    "https://deno.land/x/redis@v0.32.0/executor.ts": "5ac4c1f7bec44d12ebc0f3702bf074bd3ba6c1aae74953582f6358d2948718e7",
    "https://deno.land/x/redis@v0.32.0/internal/encoding.ts": "0525f7f444a96b92cd36423abdfe221f8d8de4a018dc5cb6750a428a5fc897c2",
    "https://deno.land/x/redis@v0.32.0/internal/symbols.ts": "f9e99150d74ec4a476df978f4447c23c5b1c88ab4caad599c99fe0fa3b878737",
    "https://deno.land/x/redis@v0.32.0/mod.ts": "a2a2318e67db704c799a13cc840114b9f344a82cf682c933a293e90b1a02b3fa",
    "https://deno.land/x/redis@v0.32.0/pipeline.ts": "9c78bda60e8a696c40cd9eeee465ac0313464db04341288c1248dd8216717c71",
    "https://deno.land/x/redis@v0.32.0/protocol/deno_streams/command.ts": "ae7ae4d4a055301882422757a69e2ab919c1d0259fc9346793dabf25def87393",
    "https://deno.land/x/redis@v0.32.0/protocol/deno_streams/mod.ts": "fddbcd439e7e1c260bf1b25a57d82d76731dcb8ec7d4ed829cd174502f6e44f2",
    "https://deno.land/x/redis@v0.32.0/protocol/deno_streams/reply.ts": "2707e9fe18608c1a9a49b4f0094397c7400141b8208170c7bcb128ceb5ddd790",
    "https://deno.land/x/redis@v0.32.0/protocol/shared/command.ts": "a9a1264c826ecff69f6e85c09540b97f3cb04c338b95c88a17afda4cdaafa8d9",
    "https://deno.land/x/redis@v0.32.0/protocol/shared/protocol.ts": "6aad9afdfb07039302eac2c20ba26844685d41d342551f8108efd6846128b3ae",
    "https://deno.land/x/redis@v0.32.0/protocol/shared/reply.ts": "3311ff66357bacbd60785cb43b97539c341d8a7d963bc5e80cb864ac81909ea5",
    "https://deno.land/x/redis@v0.32.0/protocol/shared/types.ts": "3d1ff5983abc1e4e56c751aaf4672042c87334cd004ce2fc0493575432151e1f",
    "https://deno.land/x/redis@v0.32.0/pubsub.ts": "d17d91b02265061e9918a021908c293ba6c264d4e2f11fdec17e9e82061063c6",
    "https://deno.land/x/redis@v0.32.0/redis.ts": "91e435a15c590e6374b5d847218ced9067957e3d9e5a9524f142eebdc69deea9",
    "https://deno.land/x/redis@v0.32.0/stream.ts": "73b286174d4a02006720c9e2d193754d10e041e8e1450188e32f203a188bbecb",
    "https://deno.land/x/redis@v0.32.0/vendor/https/deno.land/std/async/deferred.ts": "57c1b8fabd358d92ffa5673dedac8a8591eb7f1e5ed3ccb98434c25840335e67",
    "https://deno.land/x/redis@v0.32.0/vendor/https/deno.land/std/async/delay.ts": "f92e2573d8b832a6c365e8efc6667557a3a5e3ed77c00d229d7cc4cb4b7f6ecd",
    "https://deno.land/x/redis@v0.32.0/vendor/https/deno.land/std/bytes/concat.ts": "577500029d53ca5acb16065405dcf8ee6a58c96f7cdbc27479979789e6911b3f",
    "https://deno.land/x/redis@v0.32.0/vendor/https/deno.land/std/io/buf_reader.ts": "2052aa6b498674655173974c7e4c42b92cd0d833db88e272afab26a17ce565af",
    "https://deno.land/x/redis@v0.32.0/vendor/https/deno.land/std/io/buf_writer.ts": "821668d540b8dcda5ae89c599e68a6bad220583d247192190db415d80cc2e8c5",
    "https://deno.land/x/typebox@0.25.13/src/typebox.ts": "9b20b62c0bf31f1a9128b6dc6dfd470a5d956a48f0b0ef0a1ccc4d794fb55dcc",
    "https://esm.sh/bignumber@1.1.0": "d2fbfe520ceec34ccc87c9a7944327e31411974f199e93f898946c760934202d",
    "https://esm.sh/v130/bignumber@1.1.0/denonext/bignumber.mjs": "f5dd7d47a762aaa85ac5630c4b8a4fc0d8f26cdb921da6603be029468f9ba273"
  }
}
